
Microsoft Visual Studio Solution File, Format Version 12.00
# Visual Studio Version 16
VisualStudioVersion = 16.0.31025.194
MinimumVisualStudioVersion = 10.0.40219.1
Project("{FAE04EC0-301F-11D3-BF4B-00C04F79EFBC}") = "Calculator_cs", "Calculator_cs\Calculator_cs.csproj", "{35E0029D-B78D-49AB-BFE7-A9DF98D412A2}"
EndProject
Global
	GlobalSection(SolutionConfigurationPlatforms) = preSolution
		Debug|Any CPU = Debug|Any CPU
		Release|Any CPU = Release|Any CPU
	EndGlobalSection
	GlobalSection(ProjectConfigurationPlatforms) = postSolution
		{35E0029D-B78D-49AB-BFE7-A9DF98D412A2}.Debug|Any CPU.ActiveCfg = Debug|Any CPU
		{35E0029D-B78D-49AB-BFE7-A9DF98D412A2}.Debug|Any CPU.Build.0 = Debug|Any CPU
		{35E0029D-B78D-49AB-BFE7-A9DF98D412A2}.Release|Any CPU.ActiveCfg = Release|Any CPU
		{35E0029D-B78D-49AB-BFE7-A9DF98D412A2}.Release|Any CPU.Build.0 = Release|Any CPU
	EndGlobalSection
	GlobalSection(SolutionProperties) = preSolution
		HideSolutionNode = FALSE
	EndGlobalSection
	GlobalSection(ExtensibilityGlobals) = postSolution
		SolutionGuid = {3D2DCD91-878A-417C-A80A-CA29A8D98027}
	EndGlobalSection
EndGlobal
